
Microsoft Visual Studio Solution File, Format Version 12.00
# Visual Studio Version 17
VisualStudioVersion = 17.14.36518.9 d17.14
MinimumVisualStudioVersion = 10.0.40219.1
Project("{FAE04EC0-301F-11D3-BF4B-00C04F79EFBC}") = "JWTAuthSample", "JWTAuthSample.csproj", "{145457B0-0FCE-4A45-8FC9-352DA58CF081}"
EndProject
Global
	GlobalSection(SolutionConfigurationPlatforms) = preSolution
		Debug|Any CPU = Debug|Any CPU
		Release|Any CPU = Release|Any CPU
	EndGlobalSection
	GlobalSection(ProjectConfigurationPlatforms) = postSolution
		{145457B0-0FCE-4A45-8FC9-352DA58CF081}.Debug|Any CPU.ActiveCfg = Debug|Any CPU
		{145457B0-0FCE-4A45-8FC9-352DA58CF081}.Debug|Any CPU.Build.0 = Debug|Any CPU
		{145457B0-0FCE-4A45-8FC9-352DA58CF081}.Release|Any CPU.ActiveCfg = Release|Any CPU
		{145457B0-0FCE-4A45-8FC9-352DA58CF081}.Release|Any CPU.Build.0 = Release|Any CPU
	EndGlobalSection
	GlobalSection(SolutionProperties) = preSolution
		HideSolutionNode = FALSE
	EndGlobalSection
	GlobalSection(ExtensibilityGlobals) = postSolution
		SolutionGuid = {9CACC063-18C5-4A1B-BB95-A836FD352598}
	EndGlobalSection
EndGlobal
